{
  "name": "min",
  "version": "1.0.0",
  "lockfileVersion": 1,
  "requires": true,
  "dependencies": {
    "devicon-react-svg": {
      "version": "0.2.3",
      "resolved": "https://registry.npmjs.org/devicon-react-svg/-/devicon-react-svg-0.2.3.tgz",
      "integrity": "sha512-sy81d4yTglUNextq3Q4sUI1LB+gUrgfRzyNG3H3Skg36TQZ/WFlWwXFhgJ+53kZ9vU0kg33tgjHKhI8LX3DDZw=="
    }
  }
}
